<?xml version="1.0" encoding="utf-8"?>
<Project ToolsVersion="4.0" xmlns="http://schemas.microsoft.com/developer/msbuild/2003">
  <ItemGroup>
    <Filter Include="Application">
      <UniqueIdentifier>{0a8f2d24-8388-45bc-ac1c-ecd80746c1e4}</UniqueIdentifier>
    </Filter>
  </ItemGroup>
  <ItemGroup>
    <ClCompile Include="main.cpp">
      <Filter>Application</Filter>
    </ClCompile>
  </ItemGroup>
  <ItemGroup>
    <ClInclude Include="class.h">
      <Filter>Application</Filter>
    </ClInclude>
    <ClInclude Include="lib.h">
      <Filter>Application</Filter>
    </ClInclude>
  </ItemGroup>
</Project>